
Microsoft Visual Studio Solution File, Format Version 12.00
# Visual Studio Version 17
VisualStudioVersion = 17.14.36603.0 d17.14
MinimumVisualStudioVersion = 10.0.40219.1
Project("{FAE04EC0-301F-11D3-BF4B-00C04F79EFBC}") = "KionCRM.API", "KionCRM.API.csproj", "{D5C9560E-67BB-490E-9E78-38ACB63B0F5A}"
EndProject
Global
	GlobalSection(SolutionConfigurationPlatforms) = preSolution
		Debug|Any CPU = Debug|Any CPU
		Release|Any CPU = Release|Any CPU
	EndGlobalSection
	GlobalSection(ProjectConfigurationPlatforms) = postSolution
		{D5C9560E-67BB-490E-9E78-38ACB63B0F5A}.Debug|Any CPU.ActiveCfg = Debug|Any CPU
		{D5C9560E-67BB-490E-9E78-38ACB63B0F5A}.Debug|Any CPU.Build.0 = Debug|Any CPU
		{D5C9560E-67BB-490E-9E78-38ACB63B0F5A}.Release|Any CPU.ActiveCfg = Release|Any CPU
		{D5C9560E-67BB-490E-9E78-38ACB63B0F5A}.Release|Any CPU.Build.0 = Release|Any CPU
	EndGlobalSection
	GlobalSection(SolutionProperties) = preSolution
		HideSolutionNode = FALSE
	EndGlobalSection
	GlobalSection(ExtensibilityGlobals) = postSolution
		SolutionGuid = {494C8FBC-28F8-4424-A0BF-2FCFBDE99413}
	EndGlobalSection
EndGlobal
